github.com/thxrsxm/rnbw v0.0.0-20251111180835-da96d3b0507e h1:VVuuDyIK9xtxt3uNmVNQfWbJx3viyblkbeQK/0DrO9I=
github.com/thxrsxm/rnbw v0.0.0-20251111180835-da96d3b0507e/go.mod h1:Eprt+0e7OqPRm34bhaavxhUb4dCy4Ovh03ZZdcwTjwk=
github.com/thxrsxm/rnbw v0.0.0-20251112144034-3a6d2c6cf2f1 h1:9joV1IwpSxKI7w6sTZfdFeNj7Z0b/PQQCTltEAI7iBE=
github.com/thxrsxm/rnbw v0.0.0-20251112144034-3a6d2c6cf2f1/go.mod h1:Eprt+0e7OqPRm34bhaavxhUb4dCy4Ovh03ZZdcwTjwk=
github.com/thxrsxm/rnbw v0.2.1 h1:fUlf9NUyQ6Q6vfg+5W8g+4Tbbz/9gSr7eO0p1pOs2z4=
github.com/thxrsxm/rnbw v0.2.1/go.mod h1:Eprt+0e7OqPRm34bhaavxhUb4dCy4Ovh03ZZdcwTjwk=
gopkg.in/check.v1 v0.0.0-20161208181325-20d25e280405/go.mod h1:Co6ibVJAznAaIkqp8huTwlJQCZ016jof/cbN4VW5Yz0=
gopkg.in/yaml.v3 v3.0.1 h1:fxVm/GzAzEWqLHuvctI91KS9hhNmmWOoWu0XTYJS7CA=
gopkg.in/yaml.v3 v3.0.1/go.mod h1:K4uyk7z7BCEPqu6E+C64Yfv1cQ7kz7rIZviUmN+EgEM=
